{
  "name": "spinal-env-viewer-plugin-dashboard-panel",
  "version": "1.1.6",
  "lockfileVersion": 1,
  "requires": true,
  "dependencies": {
    "@babel/runtime": {
      "version": "7.14.6",
      "resolved": "https://registry.npmjs.org/@babel/runtime/-/runtime-7.14.6.tgz",
      "integrity": "sha512-/PCB2uJ7oM44tz8YhC4Z/6PeOKXp4K588f+5M3clr1M4zbqztlo0XEfJ2LEzj/FgwfgGcIdl8n7YYjTCI0BYwg==",
      "requires": {
        "regenerator-runtime": "^0.13.4"
      }
    },
    "clamp": {
      "version": "1.0.1",
      "resolved": "https://registry.npmjs.org/clamp/-/clamp-1.0.1.tgz",
      "integrity": "sha1-ZqDmQBGBbjcZaCj9yMjBRzEshjQ="
    },
    "core-js": {
      "version": "3.15.2",
      "resolved": "https://registry.npmjs.org/core-js/-/core-js-3.15.2.tgz",
      "integrity": "sha512-tKs41J7NJVuaya8DxIOCnl8QuPHx5/ZVbFo1oKgVl1qHFBBrDctzQGtuLjPpRdNTWmKPH6oEvgN/MUID+l485Q=="
    },
    "lodash": {
      "version": "4.17.21",
      "resolved": "https://registry.npmjs.org/lodash/-/lodash-4.17.21.tgz",
      "integrity": "sha512-v2kDEe57lecTulaDIuNTPy3Ry4gLGJ6Z1O3vE1krgXZNrsQ+LFTGHVxVjcXPs17LhbZVGedAJv8XZ1tvj5FvSg=="
    },
    "lodash.throttle": {
      "version": "4.1.1",
      "resolved": "https://registry.npmjs.org/lodash.throttle/-/lodash.throttle-4.1.1.tgz",
      "integrity": "sha1-wj6RtxAkKscMN/HhzaknTMOb8vQ="
    },
    "lodash.union": {
      "version": "4.6.0",
      "resolved": "https://registry.npmjs.org/lodash.union/-/lodash.union-4.6.0.tgz",
      "integrity": "sha1-SLtQiECfFvGCFmZkHETdGqrjzYg="
    },
    "material-colors": {
      "version": "1.2.6",
      "resolved": "https://registry.npmjs.org/material-colors/-/material-colors-1.2.6.tgz",
      "integrity": "sha512-6qE4B9deFBIa9YSpOc9O0Sgc43zTeVYbgDT5veRKSlB2+ZuHNoVVxA1L/ckMUayV9Ay9y7Z/SZCLcGteW9i7bg=="
    },
    "moment": {
      "version": "2.29.1",
      "resolved": "https://registry.npmjs.org/moment/-/moment-2.29.1.tgz",
      "integrity": "sha512-kHmoybcPV8Sqy59DwNDY3Jefr64lK/by/da0ViFcuA4DH0vQg5Q6Ze5VimxkfQNSC+Mls/Kx53s7TjP1RhFEDQ=="
    },
    "popper.js": {
      "version": "1.16.1",
      "resolved": "https://registry.npmjs.org/popper.js/-/popper.js-1.16.1.tgz",
      "integrity": "sha512-Wb4p1J4zyFTbM+u6WuO4XstYx4Ky9Cewe4DWrel7B0w6VVICvPwdOpotjzcf6eD8TsckVnIMNONQyPIUFOUbCQ=="
    },
    "q": {
      "version": "1.5.1",
      "resolved": "https://registry.npmjs.org/q/-/q-1.5.1.tgz",
      "integrity": "sha1-fjL3W0E4EpHQRhHxvxQQmsAGUdc="
    },
    "qrcode-generator": {
      "version": "1.4.4",
      "resolved": "https://registry.npmjs.org/qrcode-generator/-/qrcode-generator-1.4.4.tgz",
      "integrity": "sha512-HM7yY8O2ilqhmULxGMpcHSF1EhJJ9yBj8gvDEuZ6M+KGJ0YY2hKpnXvRD+hZPLrDVck3ExIGhmPtSdcjC+guuw=="
    },
    "regenerator-runtime": {
      "version": "0.13.7",
      "resolved": "https://registry.npmjs.org/regenerator-runtime/-/regenerator-runtime-0.13.7.tgz",
      "integrity": "sha512-a54FxoJDIr27pgf7IgeQGxmqUNYrcV338lf/6gH456HZ/PhX+5BcwHXG9ajESmwe6WRO0tAzRUrRmNONWgkrew=="
    },
    "scrollparent": {
      "version": "2.0.1",
      "resolved": "https://registry.npmjs.org/scrollparent/-/scrollparent-2.0.1.tgz",
      "integrity": "sha1-cV1bnMV3YPsivczDvvtb/gaxoxc="
    },
    "spinal-core-connectorjs": {
      "version": "git+https://github.com/spinalcom/spinal-core-connectorjs.git#1246a1a6e6efd2f22323d8c0f7fdcbab4584f4bd",
      "from": "git+https://github.com/spinalcom/spinal-core-connectorjs.git",
      "requires": {
        "xhr2": "^0.1.3"
      }
    },
    "spinal-core-connectorjs_type": {
      "version": "git+https://github.com/spinalcom/spinal-core-connectorjs_type.git#080c4a5e2744f4af5406496773413b6b2661107b",
      "from": "git+https://github.com/spinalcom/spinal-core-connectorjs_type.git",
      "requires": {
        "spinal-core-connectorjs": "git+https://github.com/spinalcom/spinal-core-connectorjs.git"
      }
    },
    "spinal-env-viewer-bim-manager-service": {
      "version": "git+https://github.com/spinalcom/spinal-env-viewer-bim-manager-service.git#2011ce99e9f21814e151fed9454851db638c12d3",
      "from": "git+https://github.com/spinalcom/spinal-env-viewer-bim-manager-service.git"
    },
    "spinal-env-viewer-context-geographic-service": {
      "version": "git+https://github.com/spinalcom/spinal-env-viewer-context-geographic-service.git#31be8d351eb56e683e819d931259779fcb01afaa",
      "from": "git+https://github.com/spinalcom/spinal-env-viewer-context-geographic-service.git",
      "requires": {
        "spinal-env-viewer-graph-service": "git+https://github.com/spinalcom/Spinal-Graph-Service.git",
        "spinal-env-viewer-plugin-bimobjectservice": "git+https://github.com/spinalcom/spinal-env-viewer-plugin-bimobjectservice.git",
        "spinal-models-building-elements": "git+https://github.com/spinalcom/spinal-models-building-elements.git"
      }
    },
    "spinal-env-viewer-context-menu-service": {
      "version": "git+https://github.com/spinalcom/spinal-env-viewer-context-menu-service.git#e2696e6203dac9bbcaa31b36509f6a811fe81345",
      "from": "git+https://github.com/spinalcom/spinal-env-viewer-context-menu-service.git"
    },
    "spinal-env-viewer-graph-service": {
      "version": "git+https://github.com/spinalcom/Spinal-Graph-Service.git#d43049c0ce8a5fefe4250db81eb6d8a453ae9722",
      "from": "git+https://github.com/spinalcom/Spinal-Graph-Service.git",
      "requires": {
        "q": "^1.5.1",
        "qrcode-generator": "^1.4.1",
        "spinal-core-connectorjs_type": "git+https://github.com/spinalcom/spinal-core-connectorjs_type.git",
        "spinal-model-graph": "git+https://github.com/spinalcom/spinal-model-graph.git"
      }
    },
    "spinal-env-viewer-panel-manager-service": {
      "version": "git+https://github.com/spinalcom/spinal-env-viewer-panel-manager-service.git#98d918a6a56d58c4fb03de457af40bc25eb2f8b9",
      "from": "git+https://github.com/spinalcom/spinal-env-viewer-panel-manager-service.git"
    },
    "spinal-env-viewer-panel-manager-service_spinalforgeextention": {
      "version": "git+https://github.com/spinalcom/spinal-env-viewer-panel-manager-service_spinalforgeextention.git#637dd751c03367108a482bff63166e24ae787832",
      "from": "git+https://github.com/spinalcom/spinal-env-viewer-panel-manager-service_spinalforgeextention.git",
      "requires": {
        "spinal-env-viewer-panel-manager-service": "git+https://github.com/spinalcom/spinal-env-viewer-panel-manager-service.git"
      }
    },
    "spinal-env-viewer-plugin-bimobjectservice": {
      "version": "git+https://github.com/spinalcom/spinal-env-viewer-plugin-bimobjectservice.git#4318628a1d3a795df6eaa2c920508e0c0ae6a23b",
      "from": "git+https://github.com/spinalcom/spinal-env-viewer-plugin-bimobjectservice.git",
      "requires": {
        "spinal-env-viewer-graph-service": "git+https://github.com/spinalcom/Spinal-Graph-Service.git",
        "spinal-models-bimobject": "git+https://github.com/spinalcom/spinal-models-bimobject.git",
        "vue": "^2.0.1"
      }
    },
    "spinal-env-viewer-plugin-documentation-service": {
      "version": "git+https://github.com/spinalcom/spinal-env-viewer-plugin-documentation-service.git#bd67d29166a9535d59404bb25ed0f0144ba2a4e3",
      "from": "git+https://github.com/spinalcom/spinal-env-viewer-plugin-documentation-service.git",
      "requires": {
        "spinal-core-connectorjs_type": "git+https://github.com/spinalcom/spinal-core-connectorjs_type.git",
        "spinal-env-viewer-graph-service": "git+https://github.com/spinalcom/Spinal-Graph-Service.git",
        "spinal-env-viewer-plugin-bimobjectservice": "git+https://github.com/spinalcom/spinal-env-viewer-plugin-bimobjectservice.git",
        "spinal-env-viewer-plugin-group-manager-service": "git+https://github.com/spinalcom/spinal-env-viewer-plugin-group-manager-service.git",
        "spinal-env-viewer-room-manager": "git+https://github.com/spinalcom/spinal-env-viewer-room-manager.git",
        "spinal-models-documentation": "git+https://github.com/spinalcom/spinal-models-cde.git",
        "vue": "^2.0.1"
      }
    },
    "spinal-env-viewer-plugin-endpoint_chart_viewer": {
      "version": "git+https://github.com/spinalcom/spinal-env-viewer-plugin-endpoint_chart_viewer.git#9b5f8bba57035fff7cbac02d10e51b8eb3198621",
      "from": "git+https://github.com/spinalcom/spinal-env-viewer-plugin-endpoint_chart_viewer.git",
      "requires": {
        "lodash.union": "^4.6.0",
        "moment": "^2.24.0",
        "spinal-env-viewer-context-menu-service": "git+https://github.com/spinalcom/spinal-env-viewer-context-menu-service.git",
        "spinal-env-viewer-panel-manager-service": "git+https://github.com/spinalcom/spinal-env-viewer-panel-manager-service.git",
        "spinal-env-viewer-panel-manager-service_spinalforgeextention": "git+https://github.com/spinalcom/spinal-env-viewer-panel-manager-service_spinalforgeextention.git",
        "spinal-model-timeseries": "git+https://github.com/spinalcom/spinal-model-timeseries.git",
        "vue": "^2.5.22"
      }
    },
    "spinal-env-viewer-plugin-event-emitter": {
      "version": "git+https://github.com/spinalcom/spinal-env-viewer-plugin-event-emitter.git#f3f9f1c10af687ae05f4a57dbdb9bc54596040bf",
      "from": "git+https://github.com/spinalcom/spinal-env-viewer-plugin-event-emitter.git"
    },
    "spinal-env-viewer-plugin-group-manager-service": {
      "version": "git+https://github.com/spinalcom/spinal-env-viewer-plugin-group-manager-service.git#39501eb46a39be16dca5aed03d01447c594b03ce",
      "from": "git+https://github.com/spinalcom/spinal-env-viewer-plugin-group-manager-service.git",
      "requires": {
        "spinal-core-connectorjs_type": "git+https://github.com/spinalcom/spinal-core-connectorjs_type.git",
        "spinal-env-viewer-context-geographic-service": "git+https://github.com/spinalcom/spinal-env-viewer-context-geographic-service.git",
        "spinal-env-viewer-graph-service": "git+https://github.com/spinalcom/Spinal-Graph-Service.git",
        "spinal-env-viewer-plugin-event-emitter": "git+https://github.com/spinalcom/spinal-env-viewer-plugin-event-emitter.git",
        "spinal-model-bmsnetwork": "git+https://github.com/spinalcom/spinal-model-bmsnetwork.git"
      }
    },
    "spinal-env-viewer-room-manager": {
      "version": "git+https://github.com/spinalcom/spinal-env-viewer-room-manager.git#bf34ed8f5f46569859366026c0fef7b9202db344",
      "from": "git+https://github.com/spinalcom/spinal-env-viewer-room-manager.git",
      "requires": {
        "spinal-env-viewer-bim-manager-service": "git+https://github.com/spinalcom/spinal-env-viewer-bim-manager-service.git",
        "spinal-env-viewer-context-geographic-service": "git+https://github.com/spinalcom/spinal-env-viewer-context-geographic-service.git",
        "spinal-env-viewer-context-menu-service": "git+https://github.com/spinalcom/spinal-env-viewer-context-menu-service.git",
        "spinal-env-viewer-graph-service": "git+https://github.com/spinalcom/Spinal-Graph-Service.git",
        "spinal-env-viewer-plugin-bimobjectservice": "git+https://github.com/spinalcom/spinal-env-viewer-plugin-bimobjectservice.git",
        "spinal-env-viewer-plugin-group-manager-service": "git+https://github.com/spinalcom/spinal-env-viewer-plugin-group-manager-service.git",
        "spinal-model-bmsnetwork": "git+https://github.com/spinalcom/spinal-model-bmsnetwork.git",
        "vue-color": "^2.7.0",
        "vue-virtual-scroller": "^1.0.10"
      }
    },
    "spinal-env-viewer-threshold": {
      "version": "git+https://github.com/spinalcom/spinal-env-viewer-threshold.git#126222ecfb34f62d4ed117aa32b5ee287fe15eb5",
      "from": "git+https://github.com/spinalcom/spinal-env-viewer-threshold.git",
      "requires": {
        "spinal-core-connectorjs_type": "git+https://github.com/spinalcom/spinal-core-connectorjs_type.git",
        "spinal-env-viewer-context-geographic-service": "git+https://github.com/spinalcom/spinal-env-viewer-context-geographic-service.git",
        "spinal-env-viewer-context-menu-service": "git+https://github.com/spinalcom/spinal-env-viewer-context-menu-service.git",
        "spinal-env-viewer-graph-service": "git+https://github.com/spinalcom/Spinal-Graph-Service.git",
        "spinal-env-viewer-panel-manager-service": "git+https://github.com/spinalcom/spinal-env-viewer-panel-manager-service.git",
        "spinal-env-viewer-panel-manager-service_spinalforgeextention": "git+https://github.com/spinalcom/spinal-env-viewer-panel-manager-service_spinalforgeextention.git",
        "spinal-model-bmsnetwork": "git+https://github.com/spinalcom/spinal-model-bmsnetwork.git",
        "spinal-organ-threshold": "git+https://github.com/spinalcom/spinal-organ-threshold.git"
      }
    },
    "spinal-lib-forgefile": {
      "version": "git+https://github.com/spinalcom/spinal-lib-forgefile.git#855b6efae613655298c4d5668e8f91d5b294aab5",
      "from": "git+https://github.com/spinalcom/spinal-lib-forgefile.git",
      "requires": {
        "spinal-core-connectorjs_type": "git+https://github.com/spinalcom/spinal-core-connectorjs_type.git"
      }
    },
    "spinal-model-bacnet": {
      "version": "git+https://github.com/spinalcom/spinal-model-bacnet.git#58d03d6e9cbfa27c6793fc572441593ffec35cd5",
      "from": "git+https://github.com/spinalcom/spinal-model-bacnet.git",
      "requires": {
        "spinal-core-connectorjs_type": "git+https://github.com/spinalcom/spinal-core-connectorjs_type.git",
        "spinal-env-viewer-graph-service": "git+https://github.com/spinalcom/Spinal-Graph-Service.git",
        "spinal-lib-forgefile": "git+https://github.com/spinalcom/spinal-lib-forgefile.git",
        "spinal-model-timeseries": "git+https://github.com/spinalcom/spinal-model-timeseries.git",
        "uuid": "^8.3.2"
      }
    },
    "spinal-model-bmsnetwork": {
      "version": "git+https://github.com/spinalcom/spinal-model-bmsnetwork.git#5b7e94cdf0abd4246f33a21ad08809fa727cfcf9",
      "from": "git+https://github.com/spinalcom/spinal-model-bmsnetwork.git",
      "requires": {
        "lodash.throttle": "^4.1.1",
        "spinal-core-connectorjs_type": "git+https://github.com/spinalcom/spinal-core-connectorjs_type.git",
        "spinal-env-viewer-graph-service": "git+https://github.com/spinalcom/Spinal-Graph-Service.git",
        "spinal-env-viewer-plugin-documentation-service": "git+https://github.com/spinalcom/spinal-env-viewer-plugin-documentation-service.git",
        "spinal-lib-forgefile": "git+https://github.com/spinalcom/spinal-lib-forgefile.git",
        "spinal-model-timeseries": "git+https://github.com/spinalcom/spinal-model-timeseries.git"
      }
    },
    "spinal-model-graph": {
      "version": "git+https://github.com/spinalcom/spinal-model-graph.git#ec81472a14952faf092adbb3eaab21812b5347a5",
      "from": "git+https://github.com/spinalcom/spinal-model-graph.git",
      "requires": {
        "spinal-core-connectorjs_type": "git+https://github.com/spinalcom/spinal-core-connectorjs_type.git"
      }
    },
    "spinal-model-timeseries": {
      "version": "git+https://github.com/spinalcom/spinal-model-timeseries.git#d45df0110e174ef224b4a4436afed71384deb886",
      "from": "git+https://github.com/spinalcom/spinal-model-timeseries.git",
      "requires": {
        "spinal-core-connectorjs_type": "git+https://github.com/spinalcom/spinal-core-connectorjs_type.git",
        "spinal-env-viewer-graph-service": "git+https://github.com/spinalcom/Spinal-Graph-Service.git"
      }
    },
    "spinal-models-bimobject": {
      "version": "git+https://github.com/spinalcom/spinal-models-bimobject.git#b9b9d4fd67cbe6acd514d21cf8e5c6aa919e1f4b",
      "from": "git+https://github.com/spinalcom/spinal-models-bimobject.git"
    },
    "spinal-models-building-elements": {
      "version": "git+https://github.com/spinalcom/spinal-models-building-elements.git#1d6edf18e07e8e6a66470dd203717a9437401bbb",
      "from": "git+https://github.com/spinalcom/spinal-models-building-elements.git",
      "requires": {
        "spinal-models-bimobject": "git+https://github.com/spinalcom/spinal-models-bimobject.git"
      }
    },
    "spinal-models-documentation": {
      "version": "git+https://github.com/spinalcom/spinal-models-cde.git#c86b730365f97e0ab9a961b62db1baee06bddbf1",
      "from": "git+https://github.com/spinalcom/spinal-models-cde.git",
      "requires": {
        "spinal-core-connectorjs": "git+https://github.com/spinalcom/spinal-core-connectorjs.git",
        "spinal-core-connectorjs_type": "git+https://github.com/spinalcom/spinal-core-connectorjs_type.git"
      }
    },
    "spinal-organ-threshold": {
      "version": "git+https://github.com/spinalcom/spinal-organ-threshold.git#96a3c83a711e509428b820e78ff77a738c1dc731",
      "from": "git+https://github.com/spinalcom/spinal-organ-threshold.git",
      "requires": {
        "spinal-core-connectorjs_type": "git+https://github.com/spinalcom/spinal-core-connectorjs_type.git",
        "spinal-env-viewer-graph-service": "git+https://github.com/spinalcom/Spinal-Graph-Service.git",
        "spinal-env-viewer-threshold": "git+https://github.com/spinalcom/spinal-env-viewer-threshold.git",
        "spinal-model-bmsnetwork": "git+https://github.com/spinalcom/spinal-model-bmsnetwork.git",
        "typescript": "^3.4.5"
      }
    },
    "tinycolor2": {
      "version": "1.4.2",
      "resolved": "https://registry.npmjs.org/tinycolor2/-/tinycolor2-1.4.2.tgz",
      "integrity": "sha512-vJhccZPs965sV/L2sU4oRQVAos0pQXwsvTLkWYdqJ+a8Q5kPFzJTuOFwy7UniPli44NKQGAglksjvOcpo95aZA=="
    },
    "typescript": {
      "version": "3.9.10",
      "resolved": "https://registry.npmjs.org/typescript/-/typescript-3.9.10.tgz",
      "integrity": "sha512-w6fIxVE/H1PkLKcCPsFqKE7Kv7QUwhU8qQY2MueZXWx5cPZdwFupLgKK3vntcK98BtNHZtAF4LA/yl2a7k8R6Q=="
    },
    "uuid": {
      "version": "8.3.2",
      "resolved": "https://registry.npmjs.org/uuid/-/uuid-8.3.2.tgz",
      "integrity": "sha512-+NYs2QeMWy+GWFOEm9xnn6HCDp0l7QBD7ml8zLUmJ+93Q5NF0NocErnwkTkXVFNiX3/fpC6afS8Dhb/gz7R7eg=="
    },
    "v-tooltip": {
      "version": "2.1.3",
      "resolved": "https://registry.npmjs.org/v-tooltip/-/v-tooltip-2.1.3.tgz",
      "integrity": "sha512-xXngyxLQTOx/yUEy50thb8te7Qo4XU6h4LZB6cvEfVd9mnysUxLEoYwGWDdqR+l69liKsy3IPkdYff3J1gAJ5w==",
      "requires": {
        "@babel/runtime": "^7.13.10",
        "lodash": "^4.17.21",
        "popper.js": "^1.16.1",
        "vue-resize": "^1.0.1"
      }
    },
    "vue": {
      "version": "2.6.14",
      "resolved": "https://registry.npmjs.org/vue/-/vue-2.6.14.tgz",
      "integrity": "sha512-x2284lgYvjOMj3Za7kqzRcUSxBboHqtgRE2zlos1qWaOye5yUmHn42LB1250NJBLRwEcdrB0JRwyPTEPhfQjiQ=="
    },
    "vue-class-component": {
      "version": "7.2.6",
      "resolved": "https://registry.npmjs.org/vue-class-component/-/vue-class-component-7.2.6.tgz",
      "integrity": "sha512-+eaQXVrAm/LldalI272PpDe3+i4mPis0ORiMYxF6Ae4hyuCh15W8Idet7wPUEs4N4YptgFHGys4UrgNQOMyO6w=="
    },
    "vue-color": {
      "version": "2.8.1",
      "resolved": "https://registry.npmjs.org/vue-color/-/vue-color-2.8.1.tgz",
      "integrity": "sha512-BoLCEHisXi2QgwlhZBg9UepvzZZmi4176vbr+31Shen5WWZwSLVgdScEPcB+yrAtuHAz42309C0A4+WiL9lNBw==",
      "requires": {
        "clamp": "^1.0.1",
        "lodash.throttle": "^4.0.0",
        "material-colors": "^1.0.0",
        "tinycolor2": "^1.1.2"
      }
    },
    "vue-observe-visibility": {
      "version": "0.4.6",
      "resolved": "https://registry.npmjs.org/vue-observe-visibility/-/vue-observe-visibility-0.4.6.tgz",
      "integrity": "sha512-xo0CEVdkjSjhJoDdLSvoZoQrw/H2BlzB5jrCBKGZNXN2zdZgMuZ9BKrxXDjNP2AxlcCoKc8OahI3F3r3JGLv2Q=="
    },
    "vue-property-decorator": {
      "version": "8.5.1",
      "resolved": "https://registry.npmjs.org/vue-property-decorator/-/vue-property-decorator-8.5.1.tgz",
      "integrity": "sha512-O6OUN2OMsYTGPvgFtXeBU3jPnX5ffQ9V4I1WfxFQ6dqz6cOUbR3Usou7kgFpfiXDvV7dJQSFcJ5yUPgOtPPm1Q==",
      "requires": {
        "vue-class-component": "^7.1.0"
      }
    },
    "vue-resize": {
      "version": "1.0.1",
      "resolved": "https://registry.npmjs.org/vue-resize/-/vue-resize-1.0.1.tgz",
      "integrity": "sha512-z5M7lJs0QluJnaoMFTIeGx6dIkYxOwHThlZDeQnWZBizKblb99GSejPnK37ZbNE/rVwDcYcHY+Io+AxdpY952w==",
      "requires": {
        "@babel/runtime": "^7.13.10"
      }
    },
    "vue-slider-component": {
      "version": "3.2.13",
      "resolved": "https://registry.npmjs.org/vue-slider-component/-/vue-slider-component-3.2.13.tgz",
      "integrity": "sha512-8Unr7YgVgf+IjJkbHHCloeWjtOyn4UMotFWX+5S5tUjpwU4OA7ADiaJ94/jFsuJt3JvpJm/vECrRvdSAVZjn9g==",
      "requires": {
        "core-js": "^3.6.5",
        "vue-property-decorator": "^8.0.0"
      }
    },
    "vue-virtual-scroller": {
      "version": "1.0.10",
      "resolved": "https://registry.npmjs.org/vue-virtual-scroller/-/vue-virtual-scroller-1.0.10.tgz",
      "integrity": "sha512-Hn4qSBDhRY4XdngPioYy/ykDjrLX/NMm1fQXm/4UQQ/Xv1x8JbHGFZNftQowTcfICgN7yc31AKnUk1UGLJ2ndA==",
      "requires": {
        "scrollparent": "^2.0.1",
        "vue-observe-visibility": "^0.4.4",
        "vue-resize": "^0.4.5"
      },
      "dependencies": {
        "vue-resize": {
          "version": "0.4.5",
          "resolved": "https://registry.npmjs.org/vue-resize/-/vue-resize-0.4.5.tgz",
          "integrity": "sha512-bhP7MlgJQ8TIkZJXAfDf78uJO+mEI3CaLABLjv0WNzr4CcGRGPIAItyWYnP6LsPA4Oq0WE+suidNs6dgpO4RHg=="
        }
      }
    },
    "xhr2": {
      "version": "0.1.4",
      "resolved": "https://registry.npmjs.org/xhr2/-/xhr2-0.1.4.tgz",
      "integrity": "sha1-f4dliEdxbbUCYyOBL4GMras4el8="
    }
  }
}
